
Microsoft Visual Studio Solution File, Format Version 12.00
# Visual Studio Version 17
VisualStudioVersion = 17.0.32112.339
MinimumVisualStudioVersion = 10.0.40219.1
Project("{9A19103F-16F7-4668-BE54-9A1E7A4F7556}") = "ChatBot", "CoreBot1\ChatBot.csproj", "{3F286E8F-FE23-451B-84F1-15B54ED99416}"
EndProject
Project("{FAE04EC0-301F-11D3-BF4B-00C04F79EFBC}") = "ParserTabletkiUa", "ParserTabletkiUa\ParserTabletkiUa.csproj", "{08EB1C0E-8647-4793-8EAA-7408D107FDB7}"
EndProject
Project("{FAE04EC0-301F-11D3-BF4B-00C04F79EFBC}") = "TelBotConsole", "TelBotConsole\TelBotConsole.csproj", "{6ECD072D-6732-4CFC-90C4-85FAAAA99787}"
EndProject
Global
	GlobalSection(SolutionConfigurationPlatforms) = preSolution
		Debug|Any CPU = Debug|Any CPU
		Release|Any CPU = Release|Any CPU
	EndGlobalSection
	GlobalSection(ProjectConfigurationPlatforms) = postSolution
		{3F286E8F-FE23-451B-84F1-15B54ED99416}.Debug|Any CPU.ActiveCfg = Debug|Any CPU
		{3F286E8F-FE23-451B-84F1-15B54ED99416}.Debug|Any CPU.Build.0 = Debug|Any CPU
		{3F286E8F-FE23-451B-84F1-15B54ED99416}.Release|Any CPU.ActiveCfg = Release|Any CPU
		{3F286E8F-FE23-451B-84F1-15B54ED99416}.Release|Any CPU.Build.0 = Release|Any CPU
		{08EB1C0E-8647-4793-8EAA-7408D107FDB7}.Debug|Any CPU.ActiveCfg = Debug|Any CPU
		{08EB1C0E-8647-4793-8EAA-7408D107FDB7}.Debug|Any CPU.Build.0 = Debug|Any CPU
		{08EB1C0E-8647-4793-8EAA-7408D107FDB7}.Release|Any CPU.ActiveCfg = Release|Any CPU
		{08EB1C0E-8647-4793-8EAA-7408D107FDB7}.Release|Any CPU.Build.0 = Release|Any CPU
		{6ECD072D-6732-4CFC-90C4-85FAAAA99787}.Debug|Any CPU.ActiveCfg = Debug|Any CPU
		{6ECD072D-6732-4CFC-90C4-85FAAAA99787}.Debug|Any CPU.Build.0 = Debug|Any CPU
		{6ECD072D-6732-4CFC-90C4-85FAAAA99787}.Release|Any CPU.ActiveCfg = Release|Any CPU
		{6ECD072D-6732-4CFC-90C4-85FAAAA99787}.Release|Any CPU.Build.0 = Release|Any CPU
	EndGlobalSection
	GlobalSection(SolutionProperties) = preSolution
		HideSolutionNode = FALSE
	EndGlobalSection
	GlobalSection(ExtensibilityGlobals) = postSolution
		SolutionGuid = {056794D0-6D3D-4D20-98C9-F0840425EFA2}
	EndGlobalSection
EndGlobal
